cloud.google.com/go v0.0.0-20180131234750-2de512d2700d/go.mod h1:aQUYkXzVsufM+DwF1aE+0xfcU+56JwCaLick0ClmMTw=
github.com/Azure/azure-sdk-for-go v12.3.0-beta+incompatible/go.mod h1:9XXNKU+eRnpl9moKnB4QOLf1HestfXbmab5FXxiDBjc=
github.com/Azure/go-autorest v9.9.0+incompatible/go.mod h1:r+4oMnoxhatjLLJ6zxSWATqVooLgysK6ZNox3g/xq24=
github.com/PaulARoy/azurestoragecache v0.0.0-20170906084534-3c249a3ba788/go.mod h1:lY1dZd8HBzJ10eqKERHn3CU59tfhzcAVb2c0ZhIWSOk=
github.com/aws/aws-sdk-go v0.0.0-20180126231901-00cca3f093a8/go.mod h1:ZRmQr0FajVIyZ4ZzBYKG5P3ZqPz9IHG41ZoMu1ADI3k=
github.com/chai2010/webp v1.0.0 h1:64IosJhW2aYYWvqZiexusoDQFTSfzcJA7DU6na7RKHM=
github.com/chai2010/webp v1.0.0/go.mod h1:LP12PG5IFmLGHUU26tBiCBKnghxx3toZFwDjOYvd3Ow=
github.com/dgrijalva/jwt-go v3.1.0+incompatible/go.mod h1:E3ru+11k8xSBh+hMPgOLZmtrrCbhqsmaPHjLKYnJCaQ=
github.com/die-net/lrucache v0.0.0-20171111232917-04b9315ab7a6/go.mod h1:ew0MSjCVDdtGMjF3kzLK9hwdgF5mOE8SbYVF3Rc7mkU=
github.com/disintegration/imaging v1.3.0 h1:AihaBC+K3RHP7JL8scqq2GgNQhVzMcCYh7gJbAjAvpo=
github.com/disintegration/imaging v1.3.0/go.mod h1:9B/deIUIrliYkyMTuXJd6OUFLcrZ2tf+3Qlwnaf/CjU=
github.com/garyburd/redigo v1.5.0/go.mod h1:NR3MbYisc3/PwhQ00EMzDiPmrwpPxAn5GI05/YaO1SY=
github.com/golang/protobuf v1.0.0/go.mod h1:6lQm79b+lXiMfvg/cZm0SGofjICqVBUtrP5yJMmIC1U=
github.com/google/btree v0.0.0-20180124185431-e89373fe6b4a/go.mod h1:lNA+9X1NB3Zf8V7Ke586lFgjr2dZNuvo3lPJSGZ5JPQ=
github.com/googleapis/gax-go v2.0.0+incompatible/go.mod h1:SFVmujtThgffbyetf+mdk2eWhX2bMyUtNHzFKcPA9HY=
github.com/gregjones/httpcache v0.0.0-20171119193500-2bcd89a1743f h1:kOkUP6rcVVqC+KlKKENKtgfFfJyDySYhqL9srXooghY=
github.com/gregjones/httpcache v0.0.0-20171119193500-2bcd89a1743f/go.mod h1:FecbI9+v66THATjSRHfNgh1IVFe/9kFxbXtjV0ctIMA=
github.com/marstr/guid v0.0.0-20170427235115-8bdf7d1a087c/go.mod h1:74gB1z2wpxxInTG6yaqA7KrtM0NZ+RbrcqDvYHefzho=
github.com/muesli/smartcrop v0.0.0-20171215203440-9032446b30f6 h1:m5kCp2hHRMu7z95f+aIK80l8N1tx+UXAqNoYpRS9v3o=
github.com/muesli/smartcrop v0.0.0-20171215203440-9032446b30f6/go.mod h1:i2fCI/UorTfgEpPPLWiFBv4pye+YAG78RwcQLUkocpI=
github.com/nfnt/resize v0.0.0-20160724205520-891127d8d1b5 h1:BvoENQQU+fZ9uukda/RzCAL/191HHwJA5b13R6diVlY=
github.com/nfnt/resize v0.0.0-20160724205520-891127d8d1b5/go.mod h1:jpp1/29i3P1S/RLdc7JQKbRpFeM1dOBd8T9ki5s+AY8=
github.com/peterbourgon/diskv v0.0.0-20171120014656-2973218375c3/go.mod h1:uqqh8zWWbv1HBMNONnaR/tNboyR3/BZd58JJSHlUSCU=
github.com/rwcarlsen/goexif v0.0.0-20141222211634-41dad3aa0833 h1:jwa1bSL1nx8Yz7pOXkjXJCbKAffj5i2Rrl9ALRqSy6Y=
github.com/rwcarlsen/goexif v0.0.0-20141222211634-41dad3aa0833/go.mod h1:hPqNNc0+uJM6H+SuU8sEs5K5IQeKccPqeSjfgcKGgPk=
github.com/satori/go.uuid v0.0.0-20180103174451-36e9d2ebbde5/go.mod h1:dA0hQrYB0VpLJoorglMZABFdXlWrHn1NEOzdhQKdks0=
github.com/satori/uuid v0.0.0-20180103174451-36e9d2ebbde5/go.mod h1:B8HLsPLik/YNn6KKWVMDJ8nzCL8RP5WyfsnmvnAEwIU=
golang.org/x/image v0.0.0-20171214225156-12117c17ca67 h1:L8S612DBEq9tpLTxczHuhrf5il+KEdSha8b5A5njQMc=
golang.org/x/image v0.0.0-20171214225156-12117c17ca67/go.mod h1:ux5Hcp/YLpHSI86hEcLt0YII63i6oz57MZXIpbrjZUs=
golang.org/x/net v0.0.0-20180201232540-b417086c80e9/go.mod h1:mL1N/T3taQHkDXs73rZJwtUhF3w3ftmwwsq0BUmARs4=
golang.org/x/oauth2 v0.0.0-20180126164932-a032972e2806/go.mod h1:N/0e6XlmueqKjAGxoOufVs8QHGRruUQn6yWY3a++T0U=
golang.org/x/text v0.0.0-20171227012246-e19ae1496984/go.mod h1:NqM8EUOU14njkJ3fqMW+pc6Ldnwhi/IjpwHt7yyuwOQ=
google.golang.org/api v0.0.0-20180202000329-f7618f4b41ca/go.mod h1:4mhQ8q/RsB7i+udVvVy5NUi08OU8ZlA0gRVgrF7VFY0=
google.golang.org/appengine v0.0.0-20171212223047-5bee14b453b4/go.mod h1:EbEs0AVv82hx2wNQdGPgUI5lhzA/G0D9YwlJXL52JkM=
google.golang.org/genproto v0.0.0-20180125080656-4eb30f4778ee/go.mod h1:JiN7NxoALGmiZfu7CAH4rXhgtRTLTxftemlI0sWmxmc=
google.golang.org/grpc v0.0.0-20180201193814-f9628db66d14/go.mod h1:yo6s7OP7yaDglbqo1J04qKzAhqBH6lvTonzMVmEdcZw=
willnorris.com/go/gifresize v0.0.0-20160428232521-6a222229fa06 h1:8A7BlNj87mqoBRUU2o8bklGSHqoKYTmZJ1CFb5lhqHU=
willnorris.com/go/gifresize v0.0.0-20160428232521-6a222229fa06/go.mod h1:eBM8gogBGCcaH603vxSpnfjwXIpq6nmnj/jauBDKtAk=
